
Microsoft Visual Studio Solution File, Format Version 12.00
# Visual Studio Version 17
VisualStudioVersion = 17.12.35707.178 d17.12
MinimumVisualStudioVersion = 10.0.40219.1
Project("{FAE04EC0-301F-11D3-BF4B-00C04F79EFBC}") = "SP-DZ1", "SP-DZ1\SP-DZ1.csproj", "{73DDDA59-10C9-4975-9D6E-DEC585B03065}"
EndProject
Global
	GlobalSection(SolutionConfigurationPlatforms) = preSolution
		Debug|Any CPU = Debug|Any CPU
		Release|Any CPU = Release|Any CPU
	EndGlobalSection
	GlobalSection(ProjectConfigurationPlatforms) = postSolution
		{73DDDA59-10C9-4975-9D6E-DEC585B03065}.Debug|Any CPU.ActiveCfg = Debug|Any CPU
		{73DDDA59-10C9-4975-9D6E-DEC585B03065}.Debug|Any CPU.Build.0 = Debug|Any CPU
		{73DDDA59-10C9-4975-9D6E-DEC585B03065}.Release|Any CPU.ActiveCfg = Release|Any CPU
		{73DDDA59-10C9-4975-9D6E-DEC585B03065}.Release|Any CPU.Build.0 = Release|Any CPU
	EndGlobalSection
	GlobalSection(SolutionProperties) = preSolution
		HideSolutionNode = FALSE
	EndGlobalSection
EndGlobal
